
Microsoft Visual Studio Solution File, Format Version 12.00
# Visual Studio 15
VisualStudioVersion = 15.0.28307.757
MinimumVisualStudioVersion = 10.0.40219.1
Project("{9092AA53-FB77-4645-B42D-1CCCA6BD08BD}") = "Primaxcoin", "Primaxcoin\Primaxcoin.njsproj", "{010E4332-0BB9-462E-9C76-382C482A7FEC}"
EndProject
Global
	GlobalSection(SolutionConfigurationPlatforms) = preSolution
		Debug|Any CPU = Debug|Any CPU
		Release|Any CPU = Release|Any CPU
	EndGlobalSection
	GlobalSection(ProjectConfigurationPlatforms) = postSolution
		{010E4332-0BB9-462E-9C76-382C482A7FEC}.Debug|Any CPU.ActiveCfg = Debug|Any CPU
		{010E4332-0BB9-462E-9C76-382C482A7FEC}.Debug|Any CPU.Build.0 = Debug|Any CPU
		{010E4332-0BB9-462E-9C76-382C482A7FEC}.Release|Any CPU.ActiveCfg = Release|Any CPU
		{010E4332-0BB9-462E-9C76-382C482A7FEC}.Release|Any CPU.Build.0 = Release|Any CPU
	EndGlobalSection
	GlobalSection(SolutionProperties) = preSolution
		HideSolutionNode = FALSE
	EndGlobalSection
	GlobalSection(ExtensibilityGlobals) = postSolution
		SolutionGuid = {91DB4F87-BA11-4514-971A-033EF45076AC}
	EndGlobalSection
EndGlobal
